
Microsoft Visual Studio Solution File, Format Version 12.00
# Visual Studio Version 16
VisualStudioVersion = 16.0.29503.13
MinimumVisualStudioVersion = 10.0.40219.1
Project("{FAE04EC0-301F-11D3-BF4B-00C04F79EFBC}") = "KianButtonMod", "KianButtonMod\KianButtonMod.csproj", "{5D0205B8-0C56-45B9-B6F9-FC715DFF9981}"
EndProject
Global
	GlobalSection(SolutionConfigurationPlatforms) = preSolution
		Debug|Any CPU = Debug|Any CPU
		Release|Any CPU = Release|Any CPU
	EndGlobalSection
	GlobalSection(ProjectConfigurationPlatforms) = postSolution
		{5D0205B8-0C56-45B9-B6F9-FC715DFF9981}.Debug|Any CPU.ActiveCfg = Debug|Any CPU
		{5D0205B8-0C56-45B9-B6F9-FC715DFF9981}.Debug|Any CPU.Build.0 = Debug|Any CPU
		{5D0205B8-0C56-45B9-B6F9-FC715DFF9981}.Release|Any CPU.ActiveCfg = Release|Any CPU
		{5D0205B8-0C56-45B9-B6F9-FC715DFF9981}.Release|Any CPU.Build.0 = Release|Any CPU
	EndGlobalSection
	GlobalSection(SolutionProperties) = preSolution
		HideSolutionNode = FALSE
	EndGlobalSection
	GlobalSection(ExtensibilityGlobals) = postSolution
		SolutionGuid = {B75451E0-D37C-43D2-BB16-FD4732EB1EFF}
	EndGlobalSection
EndGlobal
